// !$*UTF8*$!
{
	archiveVersion = 1;
	classes = {
	};
	objectVersion = 46;
	objects = {

/* Begin PBXBuildFile section */
		AF8E68CC1900F6C600E827B1 /* Foundation.framework in Frameworks */ = {isa = PBXBuildFile; fileRef = AF8E68CB1900F6C600E827B1 /* Foundation.framework */; };
		AF8E68CE1900F6C600E827B1 /* CoreGraphics.framework in Frameworks */ = {isa = PBXBuildFile; fileRef = AF8E68CD1900F6C600E827B1 /* CoreGraphics.framework */; };
		AF8E68D01900F6C600E827B1 /* UIKit.framework in Frameworks */ = {isa = PBXBuildFile; fileRef = AF8E68CF1900F6C600E827B1 /* UIKit.framework */; };
		AF8E68D61900F6C600E827B1 /* InfoPlist.strings in Resources */ = {isa = PBXBuildFile; fileRef = AF8E68D41900F6C600E827B1 /* InfoPlist.strings */; };
		AF8E68D81900F6C600E827B1 /* main.m in Sources */ = {isa = PBXBuildFile; fileRef = AF8E68D71900F6C600E827B1 /* main.m */; };
		AF8E68DC1900F6C600E827B1 /* AppDelegate.m in Sources */ = {isa = PBXBuildFile; fileRef = AF8E68DB1900F6C600E827B1 /* AppDelegate.m */; };
		AF8E68DE1900F6C600E827B1 /* Images.xcassets in Resources */ = {isa = PBXBuildFile; fileRef = AF8E68DD1900F6C600E827B1 /* Images.xcassets */; };
/* End PBXBuildFile section */

/* Begin PBXFileReference section */
		AF8E68C81900F6C600E827B1 /* CuckooForCedar.app */ = {isa = PBXFileReference; explicitFileType = wrapper.application; includeInIndex = 0; path = CuckooForCedar.app; sourceTree = BUILT_PRODUCTS_DIR; };
		AF8E68CB1900F6C600E827B1 /* Foundation.framework */ = {isa = PBXFileReference; lastKnownFileType = wrapper.framework; name = Foundation.framework; path = System/Library/Frameworks/Foundation.framework; sourceTree = SDKROOT; };
		AF8E68CD1900F6C600E827B1 /* CoreGraphics.framework */ = {isa = PBXFileReference; lastKnownFileType = wrapper.framework; name = CoreGraphics.framework; path = System/Library/Frameworks/CoreGraphics.framework; sourceTree = SDKROOT; };
		AF8E68CF1900F6C600E827B1 /* UIKit.framework */ = {isa = PBXFileReference; lastKnownFileType = wrapper.framework; name = UIKit.framework; path = System/Library/Frameworks/UIKit.framework; sourceTree = SDKROOT; };
		AF8E68D31900F6C600E827B1 /* CuckooForCedar-Info.plist */ = {isa = PBXFileReference; lastKnownFileType = text.plist.xml; path = "CuckooForCedar-Info.plist"; sourceTree = "<group>"; };
		AF8E68D51900F6C600E827B1 /* en */ = {isa = PBXFileReference; lastKnownFileType = text.plist.strings; name = en; path = en.lproj/InfoPlist.strings; sourceTree = "<group>"; };
		AF8E68D71900F6C600E827B1 /* main.m */ = {isa = PBXFileReference; lastKnownFileType = sourcecode.c.objc; path = main.m; sourceTree = "<group>"; };
		AF8E68D91900F6C600E827B1 /* CuckooForCedar-Prefix.pch */ = {isa = PBXFileReference; lastKnownFileType = sourcecode.c.h; path = "CuckooForCedar-Prefix.pch"; sourceTree = "<group>"; };
		AF8E68DA1900F6C600E827B1 /* AppDelegate.h */ = {isa = PBXFileReference; lastKnownFileType = sourcecode.c.h; path = AppDelegate.h; sourceTree = "<group>"; };
		AF8E68DB1900F6C600E827B1 /* AppDelegate.m */ = {isa = PBXFileReference; lastKnownFileType = sourcecode.c.objc; path = AppDelegate.m; sourceTree = "<group>"; };
		AF8E68DD1900F6C600E827B1 /* Images.xcassets */ = {isa = PBXFileReference; lastKnownFileType = folder.assetcatalog; path = Images.xcassets; sourceTree = "<group>"; };
		AF8E68E41900F6C600E827B1 /* XCTest.framework */ = {isa = PBXFileReference; lastKnownFileType = wrapper.framework; name = XCTest.framework; path = Library/Frameworks/XCTest.framework; sourceTree = DEVELOPER_DIR; };
/* End PBXFileReference section */

/* Begin PBXFrameworksBuildPhase section */
		AF8E68C51900F6C600E827B1 /* Frameworks */ = {
			isa = PBXFrameworksBuildPhase;
			buildActionMask = 2147483647;
			files = (
				AF8E68CE1900F6C600E827B1 /* CoreGraphics.framework in Frameworks */,
				AF8E68D01900F6C600E827B1 /* UIKit.framework in Frameworks */,
				AF8E68CC1900F6C600E827B1 /* Foundation.framework in Frameworks */,
			);
			runOnlyForDeploymentPostprocessing = 0;
		};
/* End PBXFrameworksBuildPhase section */

/* Begin PBXGroup section */
		AF8E68BF1900F6C600E827B1 = {
			isa = PBXGroup;
			children = (
				AF8E68D11900F6C600E827B1 /* CuckooForCedar */,
				AF8E68CA1900F6C600E827B1 /* Frameworks */,
				AF8E68C91900F6C600E827B1 /* Products */,
			);
			sourceTree = "<group>";
		};
		AF8E68C91900F6C600E827B1 /* Products */ = {
			isa = PBXGroup;
			children = (
				AF8E68C81900F6C600E827B1 /* CuckooForCedar.app */,
			);
			name = Products;
			sourceTree = "<group>";
		};
		AF8E68CA1900F6C600E827B1 /* Frameworks */ = {
			isa = PBXGroup;
			children = (
				AF8E68CB1900F6C600E827B1 /* Foundation.framework */,
				AF8E68CD1900F6C600E827B1 /* CoreGraphics.framework */,
				AF8E68CF1900F6C600E827B1 /* UIKit.framework */,
				AF8E68E41900F6C600E827B1 /* XCTest.framework */,
			);
			name = Frameworks;
			sourceTree = "<group>";
		};
		AF8E68D11900F6C600E827B1 /* CuckooForCedar */ = {
			isa = PBXGroup;
			children = (
				AF8E68DA1900F6C600E827B1 /* AppDelegate.h */,
				AF8E68DB1900F6C600E827B1 /* AppDelegate.m */,
				AF8E68DD1900F6C600E827B1 /* Images.xcassets */,
				AF8E68D21900F6C600E827B1 /* Supporting Files */,
			);
			path = CuckooForCedar;
			sourceTree = "<group>";
		};
		AF8E68D21900F6C600E827B1 /* Supporting Files */ = {
			isa = PBXGroup;
			children = (
				AF8E68D31900F6C600E827B1 /* CuckooForCedar-Info.plist */,
				AF8E68D41900F6C600E827B1 /* InfoPlist.strings */,
				AF8E68D71900F6C600E827B1 /* main.m */,
				AF8E68D91900F6C600E827B1 /* CuckooForCedar-Prefix.pch */,
			);
			name = "Supporting Files";
			sourceTree = "<group>";
		};
/* End PBXGroup section */

/* Begin PBXNativeTarget section */
		AF8E68C71900F6C600E827B1 /* CuckooForCedar */ = {
			isa = PBXNativeTarget;
			buildConfigurationList = AF8E68F41900F6C600E827B1 /* Build configuration list for PBXNativeTarget "CuckooForCedar" */;
			buildPhases = (
				AF8E68C41900F6C600E827B1 /* Sources */,
				AF8E68C51900F6C600E827B1 /* Frameworks */,
				AF8E68C61900F6C600E827B1 /* Resources */,
			);
			buildRules = (
			);
			dependencies = (
			);
			name = CuckooForCedar;
			productName = CuckooForCedar;
			productReference = AF8E68C81900F6C600E827B1 /* CuckooForCedar.app */;
			productType = "com.apple.product-type.application";
		};
/* End PBXNativeTarget section */

/* Begin PBXProject section */
		AF8E68C01900F6C600E827B1 /* Project object */ = {
			isa = PBXProject;
			attributes = {
				LastUpgradeCheck = 0510;
				ORGANIZATIONNAME = rkbdesigns;
			};
			buildConfigurationList = AF8E68C31900F6C600E827B1 /* Build configuration list for PBXProject "CuckooForCedar" */;
			compatibilityVersion = "Xcode 3.2";
			developmentRegion = English;
			hasScannedForEncodings = 0;
			knownRegions = (
				en,
			);
			mainGroup = AF8E68BF1900F6C600E827B1;
			productRefGroup = AF8E68C91900F6C600E827B1 /* Products */;
			projectDirPath = "";
			projectRoot = "";
			targets = (
				AF8E68C71900F6C600E827B1 /* CuckooForCedar */,
			);
		};
/* End PBXProject section */

/* Begin PBXResourcesBuildPhase section */
		AF8E68C61900F6C600E827B1 /* Resources */ = {
			isa = PBXResourcesBuildPhase;
			buildActionMask = 2147483647;
			files = (
				AF8E68D61900F6C600E827B1 /* InfoPlist.strings in Resources */,
				AF8E68DE1900F6C600E827B1 /* Images.xcassets in Resources */,
			);
			runOnlyForDeploymentPostprocessing = 0;
		};
/* End PBXResourcesBuildPhase section */

/* Begin PBXSourcesBuildPhase section */
		AF8E68C41900F6C600E827B1 /* Sources */ = {
			isa = PBXSourcesBuildPhase;
			buildActionMask = 2147483647;
			files = (
				AF8E68DC1900F6C600E827B1 /* AppDelegate.m in Sources */,
				AF8E68D81900F6C600E827B1 /* main.m in Sources */,
			);
			runOnlyForDeploymentPostprocessing = 0;
		};
/* End PBXSourcesBuildPhase section */

/* Begin PBXVariantGroup section */
		AF8E68D41900F6C600E827B1 /* InfoPlist.strings */ = {
			isa = PBXVariantGroup;
			children = (
				AF8E68D51900F6C600E827B1 /* en */,
			);
			name = InfoPlist.strings;
			sourceTree = "<group>";
		};
/* End PBXVariantGroup section */

/* Begin XCBuildConfiguration section */
		AF8E68F21900F6C600E827B1 /* Debug */ = {
			isa = XCBuildConfiguration;
			buildSettings = {
				ALWAYS_SEARCH_USER_PATHS = NO;
				CLANG_CXX_LANGUAGE_STANDARD = "gnu++0x";
				CLANG_CXX_LIBRARY = "libc++";
				CLANG_ENABLE_MODULES = YES;
				CLANG_ENABLE_OBJC_ARC = YES;
				CLANG_WARN_BOOL_CONVERSION = YES;
				CLANG_WARN_CONSTANT_CONVERSION = YES;
				CLANG_WARN_DIRECT_OBJC_ISA_USAGE = YES_ERROR;
				CLANG_WARN_EMPTY_BODY = YES;
				CLANG_WARN_ENUM_CONVERSION = YES;
				CLANG_WARN_INT_CONVERSION = YES;
				CLANG_WARN_OBJC_ROOT_CLASS = YES_ERROR;
				CLANG_WARN__DUPLICATE_METHOD_MATCH = YES;
				"CODE_SIGN_IDENTITY[sdk=iphoneos*]" = "iPhone Developer";
				COPY_PHASE_STRIP = NO;
				GCC_C_LANGUAGE_STANDARD = gnu99;
				GCC_DYNAMIC_NO_PIC = NO;
				GCC_OPTIMIZATION_LEVEL = 0;
				GCC_PREPROCESSOR_DEFINITIONS = (
					"DEBUG=1",
					"$(inherited)",
				);
				GCC_SYMBOLS_PRIVATE_EXTERN = NO;
				GCC_WARN_64_TO_32_BIT_CONVERSION = YES;
				GCC_WARN_ABOUT_RETURN_TYPE = YES_ERROR;
				GCC_WARN_UNDECLARED_SELECTOR = YES;
				GCC_WARN_UNINITIALIZED_AUTOS = YES_AGGRESSIVE;
				GCC_WARN_UNUSED_FUNCTION = YES;
				GCC_WARN_UNUSED_VARIABLE = YES;
				IPHONEOS_DEPLOYMENT_TARGET = 7.1;
				ONLY_ACTIVE_ARCH = YES;
				SDKROOT = iphoneos;
			};
			name = Debug;
		};
		AF8E68F31900F6C600E827B1 /* Release */ = {
			isa = XCBuildConfiguration;
			buildSettings = {
				ALWAYS_SEARCH_USER_PATHS = NO;
				CLANG_CXX_LANGUAGE_STANDARD = "gnu++0x";
				CLANG_CXX_LIBRARY = "libc++";
				CLANG_ENABLE_MODULES = YES;
				CLANG_ENABLE_OBJC_ARC = YES;
				CLANG_WARN_BOOL_CONVERSION = YES;
				CLANG_WARN_CONSTANT_CONVERSION = YES;
				CLANG_WARN_DIRECT_OBJC_ISA_USAGE = YES_ERROR;
				CLANG_WARN_EMPTY_BODY = YES;
				CLANG_WARN_ENUM_CONVERSION = YES;
				CLANG_WARN_INT_CONVERSION = YES;
				CLANG_WARN_OBJC_ROOT_CLASS = YES_ERROR;
				CLANG_WARN__DUPLICATE_METHOD_MATCH = YES;
				"CODE_SIGN_IDENTITY[sdk=iphoneos*]" = "iPhone Developer";
				COPY_PHASE_STRIP = YES;
				ENABLE_NS_ASSERTIONS = NO;
				GCC_C_LANGUAGE_STANDARD = gnu99;
				GCC_WARN_64_TO_32_BIT_CONVERSION = YES;
				GCC_WARN_ABOUT_RETURN_TYPE = YES_ERROR;
				GCC_WARN_UNDECLARED_SELECTOR = YES;
				GCC_WARN_UNINITIALIZED_AUTOS = YES_AGGRESSIVE;
				GCC_WARN_UNUSED_FUNCTION = YES;
				GCC_WARN_UNUSED_VARIABLE = YES;
				IPHONEOS_DEPLOYMENT_TARGET = 7.1;
				SDKROOT = iphoneos;
				VALIDATE_PRODUCT = YES;
			};
			name = Release;
		};
		AF8E68F51900F6C600E827B1 /* Debug */ = {
			isa = XCBuildConfiguration;
			buildSettings = {
				ASSETCATALOG_COMPILER_APPICON_NAME = AppIcon;
				ASSETCATALOG_COMPILER_LAUNCHIMAGE_NAME = LaunchImage;
				GCC_PRECOMPILE_PREFIX_HEADER = YES;
				GCC_PREFIX_HEADER = "CuckooForCedar/CuckooForCedar-Prefix.pch";
				INFOPLIST_FILE = "CuckooForCedar/CuckooForCedar-Info.plist";
				PRODUCT_NAME = "$(TARGET_NAME)";
				WRAPPER_EXTENSION = app;
			};
			name = Debug;
		};
		AF8E68F61900F6C600E827B1 /* Release */ = {
			isa = XCBuildConfiguration;
			buildSettings = {
				ASSETCATALOG_COMPILER_APPICON_NAME = AppIcon;
				ASSETCATALOG_COMPILER_LAUNCHIMAGE_NAME = LaunchImage;
				GCC_PRECOMPILE_PREFIX_HEADER = YES;
				GCC_PREFIX_HEADER = "CuckooForCedar/CuckooForCedar-Prefix.pch";
				INFOPLIST_FILE = "CuckooForCedar/CuckooForCedar-Info.plist";
				PRODUCT_NAME = "$(TARGET_NAME)";
				WRAPPER_EXTENSION = app;
			};
			name = Release;
		};
/* End XCBuildConfiguration section */

/* Begin XCConfigurationList section */
		AF8E68C31900F6C600E827B1 /* Build configuration list for PBXProject "CuckooForCedar" */ = {
			isa = XCConfigurationList;
			buildConfigurations = (
				AF8E68F21900F6C600E827B1 /* Debug */,
				AF8E68F31900F6C600E827B1 /* Release */,
			);
			defaultConfigurationIsVisible = 0;
			defaultConfigurationName = Release;
		};
		AF8E68F41900F6C600E827B1 /* Build configuration list for PBXNativeTarget "CuckooForCedar" */ = {
			isa = XCConfigurationList;
			buildConfigurations = (
				AF8E68F51900F6C600E827B1 /* Debug */,
				AF8E68F61900F6C600E827B1 /* Release */,
			);
			defaultConfigurationIsVisible = 0;
		};
/* End XCConfigurationList section */
	};
	rootObject = AF8E68C01900F6C600E827B1 /* Project object */;
}
